// !$*UTF8*$!
{
	archiveVersion = 1;
	classes = {
	};
	objectVersion = 51;
	objects = {

/* Begin PBXBuildFile section */
		8FED04179378B4F55B0A8843 /* Pods_ParstagramTests.framework in Frameworks */ = {isa = PBXBuildFile; fileRef = 4E27402633007CCC9AE2269A /* Pods_ParstagramTests.framework */; };
		BD0F4964254127EC00986ED6 /* AppDelegate.swift in Sources */ = {isa = PBXBuildFile; fileRef = BD0F4963254127EC00986ED6 /* AppDelegate.swift */; };
		BD0F4966254127EC00986ED6 /* SceneDelegate.swift in Sources */ = {isa = PBXBuildFile; fileRef = BD0F4965254127EC00986ED6 /* SceneDelegate.swift */; };
		BD0F496B254127EC00986ED6 /* Main.storyboard in Resources */ = {isa = PBXBuildFile; fileRef = BD0F4969254127EC00986ED6 /* Main.storyboard */; };
		BD0F496D254127EE00986ED6 /* Assets.xcassets in Resources */ = {isa = PBXBuildFile; fileRef = BD0F496C254127EE00986ED6 /* Assets.xcassets */; };
		BD0F4970254127EE00986ED6 /* LaunchScreen.storyboard in Resources */ = {isa = PBXBuildFile; fileRef = BD0F496E254127EE00986ED6 /* LaunchScreen.storyboard */; };
		BD0F497B254127EE00986ED6 /* ParstagramTests.swift in Sources */ = {isa = PBXBuildFile; fileRef = BD0F497A254127EE00986ED6 /* ParstagramTests.swift */; };
		BD0F4986254127EE00986ED6 /* ParstagramUITests.swift in Sources */ = {isa = PBXBuildFile; fileRef = BD0F4985254127EE00986ED6 /* ParstagramUITests.swift */; };
		BD0F499A25412A5D00986ED6 /* LogInViewController.swift in Sources */ = {isa = PBXBuildFile; fileRef = BD0F499925412A5D00986ED6 /* LogInViewController.swift */; };
		BD0F499F25412A7800986ED6 /* FeedViewController.swift in Sources */ = {isa = PBXBuildFile; fileRef = BD0F499E25412A7800986ED6 /* FeedViewController.swift */; };
		BD4869F02541412F00EF0C3F /* CameraViewController.swift in Sources */ = {isa = PBXBuildFile; fileRef = BD4869EF2541412F00EF0C3F /* CameraViewController.swift */; };
		BD9F4419254D02050021A0E7 /* CommentCell.swift in Sources */ = {isa = PBXBuildFile; fileRef = BD9F4418254D02050021A0E7 /* CommentCell.swift */; };
		BDED2575254156CD00581A1F /* PostCell.swift in Sources */ = {isa = PBXBuildFile; fileRef = BDED2574254156CD00581A1F /* PostCell.swift */; };
		C43FA906817740CBF69456C3 /* Pods_Parstagram_ParstagramUITests.framework in Frameworks */ = {isa = PBXBuildFile; fileRef = 9A08A2D6179E82F52B04A986 /* Pods_Parstagram_ParstagramUITests.framework */; };
		D9121660B626D34C1D004E1C /* Pods_Parstagram.framework in Frameworks */ = {isa = PBXBuildFile; fileRef = 33E6902E350FA931E1D6A57D /* Pods_Parstagram.framework */; };
/* End PBXBuildFile section */

/* Begin PBXContainerItemProxy section */
		BD0F4977254127EE00986ED6 /* PBXContainerItemProxy */ = {
			isa = PBXContainerItemProxy;
			containerPortal = BD0F4958254127EC00986ED6 /* Project object */;
			proxyType = 1;
			remoteGlobalIDString = BD0F495F254127EC00986ED6;
			remoteInfo = Parstagram;
		};
		BD0F4982254127EE00986ED6 /* PBXContainerItemProxy */ = {
			isa = PBXContainerItemProxy;
			containerPortal = BD0F4958254127EC00986ED6 /* Project object */;
			proxyType = 1;
			remoteGlobalIDString = BD0F495F254127EC00986ED6;
			remoteInfo = Parstagram;
		};
/* End PBXContainerItemProxy section */

/* Begin PBXFileReference section */
		279C6E68783DD7A814C1B143 /* Pods-Parstagram.debug.xcconfig */ = {isa = PBXFileReference; includeInIndex = 1; lastKnownFileType = text.xcconfig; name = "Pods-Parstagram.debug.xcconfig"; path = "Target Support Files/Pods-Parstagram/Pods-Parstagram.debug.xcconfig"; sourceTree = "<group>"; };
		33E6902E350FA931E1D6A57D /* Pods_Parstagram.framework */ = {isa = PBXFileReference; explicitFileType = wrapper.framework; includeInIndex = 0; path = Pods_Parstagram.framework; sourceTree = BUILT_PRODUCTS_DIR; };
		4E27402633007CCC9AE2269A /* Pods_ParstagramTests.framework */ = {isa = PBXFileReference; explicitFileType = wrapper.framework; includeInIndex = 0; path = Pods_ParstagramTests.framework; sourceTree = BUILT_PRODUCTS_DIR; };
		703D019C2D0EE37943985E67 /* Pods-Parstagram-ParstagramUITests.release.xcconfig */ = {isa = PBXFileReference; includeInIndex = 1; lastKnownFileType = text.xcconfig; name = "Pods-Parstagram-ParstagramUITests.release.xcconfig"; path = "Target Support Files/Pods-Parstagram-ParstagramUITests/Pods-Parstagram-ParstagramUITests.release.xcconfig"; sourceTree = "<group>"; };
		9A08A2D6179E82F52B04A986 /* Pods_Parstagram_ParstagramUITests.framework */ = {isa = PBXFileReference; explicitFileType = wrapper.framework; includeInIndex = 0; path = Pods_Parstagram_ParstagramUITests.framework; sourceTree = BUILT_PRODUCTS_DIR; };
		9DAAD9C407568561FD4EF76C /* Pods-ParstagramTests.release.xcconfig */ = {isa = PBXFileReference; includeInIndex = 1; lastKnownFileType = text.xcconfig; name = "Pods-ParstagramTests.release.xcconfig"; path = "Target Support Files/Pods-ParstagramTests/Pods-ParstagramTests.release.xcconfig"; sourceTree = "<group>"; };
		A07548C8C64910E773CC856F /* Pods-Parstagram-ParstagramUITests.debug.xcconfig */ = {isa = PBXFileReference; includeInIndex = 1; lastKnownFileType = text.xcconfig; name = "Pods-Parstagram-ParstagramUITests.debug.xcconfig"; path = "Target Support Files/Pods-Parstagram-ParstagramUITests/Pods-Parstagram-ParstagramUITests.debug.xcconfig"; sourceTree = "<group>"; };
		B8FFD5C91572C01E961566AC /* Pods-Parstagram.release.xcconfig */ = {isa = PBXFileReference; includeInIndex = 1; lastKnownFileType = text.xcconfig; name = "Pods-Parstagram.release.xcconfig"; path = "Target Support Files/Pods-Parstagram/Pods-Parstagram.release.xcconfig"; sourceTree = "<group>"; };
		BD0F4960254127EC00986ED6 /* Parstagram.app */ = {isa = PBXFileReference; explicitFileType = wrapper.application; includeInIndex = 0; path = Parstagram.app; sourceTree = BUILT_PRODUCTS_DIR; };
		BD0F4963254127EC00986ED6 /* AppDelegate.swift */ = {isa = PBXFileReference; lastKnownFileType = sourcecode.swift; path = AppDelegate.swift; sourceTree = "<group>"; };
		BD0F4965254127EC00986ED6 /* SceneDelegate.swift */ = {isa = PBXFileReference; lastKnownFileType = sourcecode.swift; path = SceneDelegate.swift; sourceTree = "<group>"; };
		BD0F496A254127EC00986ED6 /* Base */ = {isa = PBXFileReference; lastKnownFileType = file.storyboard; name = Base; path = Base.lproj/Main.storyboard; sourceTree = "<group>"; };
		BD0F496C254127EE00986ED6 /* Assets.xcassets */ = {isa = PBXFileReference; lastKnownFileType = folder.assetcatalog; path = Assets.xcassets; sourceTree = "<group>"; };
		BD0F496F254127EE00986ED6 /* Base */ = {isa = PBXFileReference; lastKnownFileType = file.storyboard; name = Base; path = Base.lproj/LaunchScreen.storyboard; sourceTree = "<group>"; };
		BD0F4971254127EE00986ED6 /* Info.plist */ = {isa = PBXFileReference; lastKnownFileType = text.plist.xml; path = Info.plist; sourceTree = "<group>"; };
		BD0F4976254127EE00986ED6 /* ParstagramTests.xctest */ = {isa = PBXFileReference; explicitFileType = wrapper.cfbundle; includeInIndex = 0; path = ParstagramTests.xctest; sourceTree = BUILT_PRODUCTS_DIR; };
		BD0F497A254127EE00986ED6 /* ParstagramTests.swift */ = {isa = PBXFileReference; lastKnownFileType = sourcecode.swift; path = ParstagramTests.swift; sourceTree = "<group>"; };
		BD0F497C254127EE00986ED6 /* Info.plist */ = {isa = PBXFileReference; lastKnownFileType = text.plist.xml; path = Info.plist; sourceTree = "<group>"; };
		BD0F4981254127EE00986ED6 /* ParstagramUITests.xctest */ = {isa = PBXFileReference; explicitFileType = wrapper.cfbundle; includeInIndex = 0; path = ParstagramUITests.xctest; sourceTree = BUILT_PRODUCTS_DIR; };
		BD0F4985254127EE00986ED6 /* ParstagramUITests.swift */ = {isa = PBXFileReference; lastKnownFileType = sourcecode.swift; path = ParstagramUITests.swift; sourceTree = "<group>"; };
		BD0F4987254127EE00986ED6 /* Info.plist */ = {isa = PBXFileReference; lastKnownFileType = text.plist.xml; path = Info.plist; sourceTree = "<group>"; };
		BD0F499925412A5D00986ED6 /* LogInViewController.swift */ = {isa = PBXFileReference; lastKnownFileType = sourcecode.swift; path = LogInViewController.swift; sourceTree = "<group>"; };
		BD0F499E25412A7800986ED6 /* FeedViewController.swift */ = {isa = PBXFileReference; lastKnownFileType = sourcecode.swift; path = FeedViewController.swift; sourceTree = "<group>"; };
		BD4869EF2541412F00EF0C3F /* CameraViewController.swift */ = {isa = PBXFileReference; lastKnownFileType = sourcecode.swift; path = CameraViewController.swift; sourceTree = "<group>"; };
		BD9F4418254D02050021A0E7 /* CommentCell.swift */ = {isa = PBXFileReference; lastKnownFileType = sourcecode.swift; path = CommentCell.swift; sourceTree = "<group>"; };
		BDB06FD3254151D1005AEB2E /* Parstagram.entitlements */ = {isa = PBXFileReference; lastKnownFileType = text.plist.entitlements; path = Parstagram.entitlements; sourceTree = "<group>"; };
		BDED2574254156CD00581A1F /* PostCell.swift */ = {isa = PBXFileReference; lastKnownFileType = sourcecode.swift; path = PostCell.swift; sourceTree = "<group>"; };
		E99030CFBD15ABF665BC43FF /* Pods-ParstagramTests.debug.xcconfig */ = {isa = PBXFileReference; includeInIndex = 1; lastKnownFileType = text.xcconfig; name = "Pods-ParstagramTests.debug.xcconfig"; path = "Target Support Files/Pods-ParstagramTests/Pods-ParstagramTests.debug.xcconfig"; sourceTree = "<group>"; };
/* End PBXFileReference section */

/* Begin PBXFrameworksBuildPhase section */
		BD0F495D254127EC00986ED6 /* Frameworks */ = {
			isa = PBXFrameworksBuildPhase;
			buildActionMask = 2147483647;
			files = (
				D9121660B626D34C1D004E1C /* Pods_Parstagram.framework in Frameworks */,
			);
			runOnlyForDeploymentPostprocessing = 0;
		};
		BD0F4973254127EE00986ED6 /* Frameworks */ = {
			isa = PBXFrameworksBuildPhase;
			buildActionMask = 2147483647;
			files = (
				8FED04179378B4F55B0A8843 /* Pods_ParstagramTests.framework in Frameworks */,
			);
			runOnlyForDeploymentPostprocessing = 0;
		};
		BD0F497E254127EE00986ED6 /* Frameworks */ = {
			isa = PBXFrameworksBuildPhase;
			buildActionMask = 2147483647;
			files = (
				C43FA906817740CBF69456C3 /* Pods_Parstagram_ParstagramUITests.framework in Frameworks */,
			);
			runOnlyForDeploymentPostprocessing = 0;
		};
/* End PBXFrameworksBuildPhase section */

/* Begin PBXGroup section */
		6A0C6687BFB6E963A4AD07E7 /* Pods */ = {
			isa = PBXGroup;
			children = (
				279C6E68783DD7A814C1B143 /* Pods-Parstagram.debug.xcconfig */,
				B8FFD5C91572C01E961566AC /* Pods-Parstagram.release.xcconfig */,
				A07548C8C64910E773CC856F /* Pods-Parstagram-ParstagramUITests.debug.xcconfig */,
				703D019C2D0EE37943985E67 /* Pods-Parstagram-ParstagramUITests.release.xcconfig */,
				E99030CFBD15ABF665BC43FF /* Pods-ParstagramTests.debug.xcconfig */,
				9DAAD9C407568561FD4EF76C /* Pods-ParstagramTests.release.xcconfig */,
			);
			path = Pods;
			sourceTree = "<group>";
		};
		BD0F4957254127EC00986ED6 = {
			isa = PBXGroup;
			children = (
				BD0F4962254127EC00986ED6 /* Parstagram */,
				BD0F4979254127EE00986ED6 /* ParstagramTests */,
				BD0F4984254127EE00986ED6 /* ParstagramUITests */,
				BD0F4961254127EC00986ED6 /* Products */,
				6A0C6687BFB6E963A4AD07E7 /* Pods */,
				DAC09E42A64021CE77D3956E /* Frameworks */,
			);
			sourceTree = "<group>";
		};
		BD0F4961254127EC00986ED6 /* Products */ = {
			isa = PBXGroup;
			children = (
				BD0F4960254127EC00986ED6 /* Parstagram.app */,
				BD0F4976254127EE00986ED6 /* ParstagramTests.xctest */,
				BD0F4981254127EE00986ED6 /* ParstagramUITests.xctest */,
			);
			name = Products;
			sourceTree = "<group>";
		};
		BD0F4962254127EC00986ED6 /* Parstagram */ = {
			isa = PBXGroup;
			children = (
				BDB06FD3254151D1005AEB2E /* Parstagram.entitlements */,
				BD0F4963254127EC00986ED6 /* AppDelegate.swift */,
				BD0F4965254127EC00986ED6 /* SceneDelegate.swift */,
				BD0F4969254127EC00986ED6 /* Main.storyboard */,
				BD9F4418254D02050021A0E7 /* CommentCell.swift */,
				BD4869EF2541412F00EF0C3F /* CameraViewController.swift */,
				BD0F499925412A5D00986ED6 /* LogInViewController.swift */,
				BD0F499E25412A7800986ED6 /* FeedViewController.swift */,
				BDED2574254156CD00581A1F /* PostCell.swift */,
				BD0F496C254127EE00986ED6 /* Assets.xcassets */,
				BD0F496E254127EE00986ED6 /* LaunchScreen.storyboard */,
				BD0F4971254127EE00986ED6 /* Info.plist */,
			);
			path = Parstagram;
			sourceTree = "<group>";
		};
		BD0F4979254127EE00986ED6 /* ParstagramTests */ = {
			isa = PBXGroup;
			children = (
				BD0F497A254127EE00986ED6 /* ParstagramTests.swift */,
				BD0F497C254127EE00986ED6 /* Info.plist */,
			);
			path = ParstagramTests;
			sourceTree = "<group>";
		};
		BD0F4984254127EE00986ED6 /* ParstagramUITests */ = {
			isa = PBXGroup;
			children = (
				BD0F4985254127EE00986ED6 /* ParstagramUITests.swift */,
				BD0F4987254127EE00986ED6 /* Info.plist */,
			);
			path = ParstagramUITests;
			sourceTree = "<group>";
		};
		DAC09E42A64021CE77D3956E /* Frameworks */ = {
			isa = PBXGroup;
			children = (
				33E6902E350FA931E1D6A57D /* Pods_Parstagram.framework */,
				9A08A2D6179E82F52B04A986 /* Pods_Parstagram_ParstagramUITests.framework */,
				4E27402633007CCC9AE2269A /* Pods_ParstagramTests.framework */,
			);
			name = Frameworks;
			sourceTree = "<group>";
		};
/* End PBXGroup section */

/* Begin PBXNativeTarget section */
		BD0F495F254127EC00986ED6 /* Parstagram */ = {
			isa = PBXNativeTarget;
			buildConfigurationList = BD0F498A254127EE00986ED6 /* Build configuration list for PBXNativeTarget "Parstagram" */;
			buildPhases = (
				8D63FBF780D6C5F8F10EEB8A /* [CP] Check Pods Manifest.lock */,
				BD0F495C254127EC00986ED6 /* Sources */,
				BD0F495D254127EC00986ED6 /* Frameworks */,
				BD0F495E254127EC00986ED6 /* Resources */,
				86AE992F36727DEDDFDCFBB6 /* [CP] Embed Pods Frameworks */,
			);
			buildRules = (
			);
			dependencies = (
			);
			name = Parstagram;
			productName = Parstagram;
			productReference = BD0F4960254127EC00986ED6 /* Parstagram.app */;
			productType = "com.apple.product-type.application";
		};
		BD0F4975254127EE00986ED6 /* ParstagramTests */ = {
			isa = PBXNativeTarget;
			buildConfigurationList = BD0F498D254127EE00986ED6 /* Build configuration list for PBXNativeTarget "ParstagramTests" */;
			buildPhases = (
				745BFF1A106A2A1A3B07B1EE /* [CP] Check Pods Manifest.lock */,
				BD0F4972254127EE00986ED6 /* Sources */,
				BD0F4973254127EE00986ED6 /* Frameworks */,
				BD0F4974254127EE00986ED6 /* Resources */,
			);
			buildRules = (
			);
			dependencies = (
				BD0F4978254127EE00986ED6 /* PBXTargetDependency */,
			);
			name = ParstagramTests;
			productName = ParstagramTests;
			productReference = BD0F4976254127EE00986ED6 /* ParstagramTests.xctest */;
			productType = "com.apple.product-type.bundle.unit-test";
		};
		BD0F4980254127EE00986ED6 /* ParstagramUITests */ = {
			isa = PBXNativeTarget;
			buildConfigurationList = BD0F4990254127EE00986ED6 /* Build configuration list for PBXNativeTarget "ParstagramUITests" */;
			buildPhases = (
				89C8C65F64B1BE73F6EC3AF0 /* [CP] Check Pods Manifest.lock */,
				BD0F497D254127EE00986ED6 /* Sources */,
				BD0F497E254127EE00986ED6 /* Frameworks */,
				BD0F497F254127EE00986ED6 /* Resources */,
				71F7BC18E197BE3490A2F576 /* [CP] Embed Pods Frameworks */,
			);
			buildRules = (
			);
			dependencies = (
				BD0F4983254127EE00986ED6 /* PBXTargetDependency */,
			);
			name = ParstagramUITests;
			productName = ParstagramUITests;
			productReference = BD0F4981254127EE00986ED6 /* ParstagramUITests.xctest */;
			productType = "com.apple.product-type.bundle.ui-testing";
		};
/* End PBXNativeTarget section */

/* Begin PBXProject section */
		BD0F4958254127EC00986ED6 /* Project object */ = {
			isa = PBXProject;
			attributes = {
				LastSwiftUpdateCheck = 1200;
				LastUpgradeCheck = 1200;
				TargetAttributes = {
					BD0F495F254127EC00986ED6 = {
						CreatedOnToolsVersion = 12.0.1;
					};
					BD0F4975254127EE00986ED6 = {
						CreatedOnToolsVersion = 12.0.1;
						TestTargetID = BD0F495F254127EC00986ED6;
					};
					BD0F4980254127EE00986ED6 = {
						CreatedOnToolsVersion = 12.0.1;
						TestTargetID = BD0F495F254127EC00986ED6;
					};
				};
			};
			buildConfigurationList = BD0F495B254127EC00986ED6 /* Build configuration list for PBXProject "Parstagram" */;
			compatibilityVersion = "Xcode 9.3";
			developmentRegion = en;
			hasScannedForEncodings = 0;
			knownRegions = (
				en,
				Base,
			);
			mainGroup = BD0F4957254127EC00986ED6;
			productRefGroup = BD0F4961254127EC00986ED6 /* Products */;
			projectDirPath = "";
			projectRoot = "";
			targets = (
				BD0F495F254127EC00986ED6 /* Parstagram */,
				BD0F4975254127EE00986ED6 /* ParstagramTests */,
				BD0F4980254127EE00986ED6 /* ParstagramUITests */,
			);
		};
/* End PBXProject section */

/* Begin PBXResourcesBuildPhase section */
		BD0F495E254127EC00986ED6 /* Resources */ = {
			isa = PBXResourcesBuildPhase;
			buildActionMask = 2147483647;
			files = (
				BD0F4970254127EE00986ED6 /* LaunchScreen.storyboard in Resources */,
				BD0F496D254127EE00986ED6 /* Assets.xcassets in Resources */,
				BD0F496B254127EC00986ED6 /* Main.storyboard in Resources */,
			);
			runOnlyForDeploymentPostprocessing = 0;
		};
		BD0F4974254127EE00986ED6 /* Resources */ = {
			isa = PBXResourcesBuildPhase;
			buildActionMask = 2147483647;
			files = (
			);
			runOnlyForDeploymentPostprocessing = 0;
		};
		BD0F497F254127EE00986ED6 /* Resources */ = {
			isa = PBXResourcesBuildPhase;
			buildActionMask = 2147483647;
			files = (
			);
			runOnlyForDeploymentPostprocessing = 0;
		};
/* End PBXResourcesBuildPhase section */

/* Begin PBXShellScriptBuildPhase section */
		71F7BC18E197BE3490A2F576 /* [CP] Embed Pods Frameworks */ = {
			isa = PBXShellScriptBuildPhase;
			buildActionMask = 2147483647;
			files = (
			);
			inputFileListPaths = (
				"${PODS_ROOT}/Target Support Files/Pods-Parstagram-ParstagramUITests/Pods-Parstagram-ParstagramUITests-frameworks-${CONFIGURATION}-input-files.xcfilelist",
			);
			name = "[CP] Embed Pods Frameworks";
			outputFileListPaths = (
				"${PODS_ROOT}/Target Support Files/Pods-Parstagram-ParstagramUITests/Pods-Parstagram-ParstagramUITests-frameworks-${CONFIGURATION}-output-files.xcfilelist",
			);
			runOnlyForDeploymentPostprocessing = 0;
			shellPath = /bin/sh;
			shellScript = "\"${PODS_ROOT}/Target Support Files/Pods-Parstagram-ParstagramUITests/Pods-Parstagram-ParstagramUITests-frameworks.sh\"\n";
			showEnvVarsInLog = 0;
		};
		745BFF1A106A2A1A3B07B1EE /* [CP] Check Pods Manifest.lock */ = {
			isa = PBXShellScriptBuildPhase;
			buildActionMask = 2147483647;
			files = (
			);
			inputFileListPaths = (
			);
			inputPaths = (
				"${PODS_PODFILE_DIR_PATH}/Podfile.lock",
				"${PODS_ROOT}/Manifest.lock",
			);
			name = "[CP] Check Pods Manifest.lock";
			outputFileListPaths = (
			);
			outputPaths = (
				"$(DERIVED_FILE_DIR)/Pods-ParstagramTests-checkManifestLockResult.txt",
			);
			runOnlyForDeploymentPostprocessing = 0;
			shellPath = /bin/sh;
			shellScript = "diff \"${PODS_PODFILE_DIR_PATH}/Podfile.lock\" \"${PODS_ROOT}/Manifest.lock\" > /dev/null\nif [ $? != 0 ] ; then\n    # print error to STDERR\n    echo \"error: The sandbox is not in sync with the Podfile.lock. Run 'pod install' or update your CocoaPods installation.\" >&2\n    exit 1\nfi\n# This output is used by Xcode 'outputs' to avoid re-running this script phase.\necho \"SUCCESS\" > \"${SCRIPT_OUTPUT_FILE_0}\"\n";
			showEnvVarsInLog = 0;
		};
		86AE992F36727DEDDFDCFBB6 /* [CP] Embed Pods Frameworks */ = {
			isa = PBXShellScriptBuildPhase;
			buildActionMask = 2147483647;
			files = (
			);
			inputFileListPaths = (
				"${PODS_ROOT}/Target Support Files/Pods-Parstagram/Pods-Parstagram-frameworks-${CONFIGURATION}-input-files.xcfilelist",
			);
			name = "[CP] Embed Pods Frameworks";
			outputFileListPaths = (
				"${PODS_ROOT}/Target Support Files/Pods-Parstagram/Pods-Parstagram-frameworks-${CONFIGURATION}-output-files.xcfilelist",
			);
			runOnlyForDeploymentPostprocessing = 0;
			shellPath = /bin/sh;
			shellScript = "\"${PODS_ROOT}/Target Support Files/Pods-Parstagram/Pods-Parstagram-frameworks.sh\"\n";
			showEnvVarsInLog = 0;
		};
		89C8C65F64B1BE73F6EC3AF0 /* [CP] Check Pods Manifest.lock */ = {
			isa = PBXShellScriptBuildPhase;
			buildActionMask = 2147483647;
			files = (
			);
			inputFileListPaths = (
			);
			inputPaths = (
				"${PODS_PODFILE_DIR_PATH}/Podfile.lock",
				"${PODS_ROOT}/Manifest.lock",
			);
			name = "[CP] Check Pods Manifest.lock";
			outputFileListPaths = (
			);
			outputPaths = (
				"$(DERIVED_FILE_DIR)/Pods-Parstagram-ParstagramUITests-checkManifestLockResult.txt",
			);
			runOnlyForDeploymentPostprocessing = 0;
			shellPath = /bin/sh;
			shellScript = "diff \"${PODS_PODFILE_DIR_PATH}/Podfile.lock\" \"${PODS_ROOT}/Manifest.lock\" > /dev/null\nif [ $? != 0 ] ; then\n    # print error to STDERR\n    echo \"error: The sandbox is not in sync with the Podfile.lock. Run 'pod install' or update your CocoaPods installation.\" >&2\n    exit 1\nfi\n# This output is used by Xcode 'outputs' to avoid re-running this script phase.\necho \"SUCCESS\" > \"${SCRIPT_OUTPUT_FILE_0}\"\n";
			showEnvVarsInLog = 0;
		};
		8D63FBF780D6C5F8F10EEB8A /* [CP] Check Pods Manifest.lock */ = {
			isa = PBXShellScriptBuildPhase;
			buildActionMask = 2147483647;
			files = (
			);
			inputFileListPaths = (
			);
			inputPaths = (
				"${PODS_PODFILE_DIR_PATH}/Podfile.lock",
				"${PODS_ROOT}/Manifest.lock",
			);
			name = "[CP] Check Pods Manifest.lock";
			outputFileListPaths = (
			);
			outputPaths = (
				"$(DERIVED_FILE_DIR)/Pods-Parstagram-checkManifestLockResult.txt",
			);
			runOnlyForDeploymentPostprocessing = 0;
			shellPath = /bin/sh;
			shellScript = "diff \"${PODS_PODFILE_DIR_PATH}/Podfile.lock\" \"${PODS_ROOT}/Manifest.lock\" > /dev/null\nif [ $? != 0 ] ; then\n    # print error to STDERR\n    echo \"error: The sandbox is not in sync with the Podfile.lock. Run 'pod install' or update your CocoaPods installation.\" >&2\n    exit 1\nfi\n# This output is used by Xcode 'outputs' to avoid re-running this script phase.\necho \"SUCCESS\" > \"${SCRIPT_OUTPUT_FILE_0}\"\n";
			showEnvVarsInLog = 0;
		};
/* End PBXShellScriptBuildPhase section */

/* Begin PBXSourcesBuildPhase section */
		BD0F495C254127EC00986ED6 /* Sources */ = {
			isa = PBXSourcesBuildPhase;
			buildActionMask = 2147483647;
			files = (
				BD0F4964254127EC00986ED6 /* AppDelegate.swift in Sources */,
				BD4869F02541412F00EF0C3F /* CameraViewController.swift in Sources */,
				BD0F4966254127EC00986ED6 /* SceneDelegate.swift in Sources */,
				BD0F499F25412A7800986ED6 /* FeedViewController.swift in Sources */,
				BD0F499A25412A5D00986ED6 /* LogInViewController.swift in Sources */,
				BDED2575254156CD00581A1F /* PostCell.swift in Sources */,
				BD9F4419254D02050021A0E7 /* CommentCell.swift in Sources */,
			);
			runOnlyForDeploymentPostprocessing = 0;
		};
		BD0F4972254127EE00986ED6 /* Sources */ = {
			isa = PBXSourcesBuildPhase;
			buildActionMask = 2147483647;
			files = (
				BD0F497B254127EE00986ED6 /* ParstagramTests.swift in Sources */,
			);
			runOnlyForDeploymentPostprocessing = 0;
		};
		BD0F497D254127EE00986ED6 /* Sources */ = {
			isa = PBXSourcesBuildPhase;
			buildActionMask = 2147483647;
			files = (
				BD0F4986254127EE00986ED6 /* ParstagramUITests.swift in Sources */,
			);
			runOnlyForDeploymentPostprocessing = 0;
		};
/* End PBXSourcesBuildPhase section */

/* Begin PBXTargetDependency section */
		BD0F4978254127EE00986ED6 /* PBXTargetDependency */ = {
			isa = PBXTargetDependency;
			target = BD0F495F254127EC00986ED6 /* Parstagram */;
			targetProxy = BD0F4977254127EE00986ED6 /* PBXContainerItemProxy */;
		};
		BD0F4983254127EE00986ED6 /* PBXTargetDependency */ = {
			isa = PBXTargetDependency;
			target = BD0F495F254127EC00986ED6 /* Parstagram */;
			targetProxy = BD0F4982254127EE00986ED6 /* PBXContainerItemProxy */;
		};
/* End PBXTargetDependency section */

/* Begin PBXVariantGroup section */
		BD0F4969254127EC00986ED6 /* Main.storyboard */ = {
			isa = PBXVariantGroup;
			children = (
				BD0F496A254127EC00986ED6 /* Base */,
			);
			name = Main.storyboard;
			sourceTree = "<group>";
		};
		BD0F496E254127EE00986ED6 /* LaunchScreen.storyboard */ = {
			isa = PBXVariantGroup;
			children = (
				BD0F496F254127EE00986ED6 /* Base */,
			);
			name = LaunchScreen.storyboard;
			sourceTree = "<group>";
		};
/* End PBXVariantGroup section */

/* Begin XCBuildConfiguration section */
		BD0F4988254127EE00986ED6 /* Debug */ = {
			isa = XCBuildConfiguration;
			buildSettings = {
				ALWAYS_SEARCH_USER_PATHS = NO;
				CLANG_ANALYZER_NONNULL = YES;
				CLANG_ANALYZER_NUMBER_OBJECT_CONVERSION = YES_AGGRESSIVE;
				CLANG_CXX_LANGUAGE_STANDARD = "gnu++14";
				CLANG_CXX_LIBRARY = "libc++";
				CLANG_ENABLE_MODULES = YES;
				CLANG_ENABLE_OBJC_ARC = YES;
				CLANG_ENABLE_OBJC_WEAK = YES;
				CLANG_WARN_BLOCK_CAPTURE_AUTORELEASING = YES;
				CLANG_WARN_BOOL_CONVERSION = YES;
				CLANG_WARN_COMMA = YES;
				CLANG_WARN_CONSTANT_CONVERSION = YES;
				CLANG_WARN_DEPRECATED_OBJC_IMPLEMENTATIONS = YES;
				CLANG_WARN_DIRECT_OBJC_ISA_USAGE = YES_ERROR;
				CLANG_WARN_DOCUMENTATION_COMMENTS = YES;
				CLANG_WARN_EMPTY_BODY = YES;
				CLANG_WARN_ENUM_CONVERSION = YES;
				CLANG_WARN_INFINITE_RECURSION = YES;
				CLANG_WARN_INT_CONVERSION = YES;
				CLANG_WARN_NON_LITERAL_NULL_CONVERSION = YES;
				CLANG_WARN_OBJC_IMPLICIT_RETAIN_SELF = YES;
				CLANG_WARN_OBJC_LITERAL_CONVERSION = YES;
				CLANG_WARN_OBJC_ROOT_CLASS = YES_ERROR;
				CLANG_WARN_QUOTED_INCLUDE_IN_FRAMEWORK_HEADER = YES;
				CLANG_WARN_RANGE_LOOP_ANALYSIS = YES;
				CLANG_WARN_STRICT_PROTOTYPES = YES;
				CLANG_WARN_SUSPICIOUS_MOVE = YES;
				CLANG_WARN_UNGUARDED_AVAILABILITY = YES_AGGRESSIVE;
				CLANG_WARN_UNREACHABLE_CODE = YES;
				CLANG_WARN__DUPLICATE_METHOD_MATCH = YES;
				COPY_PHASE_STRIP = NO;
				DEBUG_INFORMATION_FORMAT = dwarf;
				ENABLE_STRICT_OBJC_MSGSEND = YES;
				ENABLE_TESTABILITY = YES;
				GCC_C_LANGUAGE_STANDARD = gnu11;
				GCC_DYNAMIC_NO_PIC = NO;
				GCC_NO_COMMON_BLOCKS = YES;
				GCC_OPTIMIZATION_LEVEL = 0;
				GCC_PREPROCESSOR_DEFINITIONS = (
					"DEBUG=1",
					"$(inherited)",
				);
				GCC_WARN_64_TO_32_BIT_CONVERSION = YES;
				GCC_WARN_ABOUT_RETURN_TYPE = YES_ERROR;
				GCC_WARN_UNDECLARED_SELECTOR = YES;
				GCC_WARN_UNINITIALIZED_AUTOS = YES_AGGRESSIVE;
				GCC_WARN_UNUSED_FUNCTION = YES;
				GCC_WARN_UNUSED_VARIABLE = YES;
				IPHONEOS_DEPLOYMENT_TARGET = 14.0;
				MTL_ENABLE_DEBUG_INFO = INCLUDE_SOURCE;
				MTL_FAST_MATH = YES;
				ONLY_ACTIVE_ARCH = YES;
				SDKROOT = iphoneos;
				SWIFT_ACTIVE_COMPILATION_CONDITIONS = DEBUG;
				SWIFT_OPTIMIZATION_LEVEL = "-Onone";
			};
			name = Debug;
		};
		BD0F4989254127EE00986ED6 /* Release */ = {
			isa = XCBuildConfiguration;
			buildSettings = {
				ALWAYS_SEARCH_USER_PATHS = NO;
				CLANG_ANALYZER_NONNULL = YES;
				CLANG_ANALYZER_NUMBER_OBJECT_CONVERSION = YES_AGGRESSIVE;
				CLANG_CXX_LANGUAGE_STANDARD = "gnu++14";
				CLANG_CXX_LIBRARY = "libc++";
				CLANG_ENABLE_MODULES = YES;
				CLANG_ENABLE_OBJC_ARC = YES;
				CLANG_ENABLE_OBJC_WEAK = YES;
				CLANG_WARN_BLOCK_CAPTURE_AUTORELEASING = YES;
				CLANG_WARN_BOOL_CONVERSION = YES;
				CLANG_WARN_COMMA = YES;
				CLANG_WARN_CONSTANT_CONVERSION = YES;
				CLANG_WARN_DEPRECATED_OBJC_IMPLEMENTATIONS = YES;
				CLANG_WARN_DIRECT_OBJC_ISA_USAGE = YES_ERROR;
				CLANG_WARN_DOCUMENTATION_COMMENTS = YES;
				CLANG_WARN_EMPTY_BODY = YES;
				CLANG_WARN_ENUM_CONVERSION = YES;
				CLANG_WARN_INFINITE_RECURSION = YES;
				CLANG_WARN_INT_CONVERSION = YES;
				CLANG_WARN_NON_LITERAL_NULL_CONVERSION = YES;
				CLANG_WARN_OBJC_IMPLICIT_RETAIN_SELF = YES;
				CLANG_WARN_OBJC_LITERAL_CONVERSION = YES;
				CLANG_WARN_OBJC_ROOT_CLASS = YES_ERROR;
				CLANG_WARN_QUOTED_INCLUDE_IN_FRAMEWORK_HEADER = YES;
				CLANG_WARN_RANGE_LOOP_ANALYSIS = YES;
				CLANG_WARN_STRICT_PROTOTYPES = YES;
				CLANG_WARN_SUSPICIOUS_MOVE = YES;
				CLANG_WARN_UNGUARDED_AVAILABILITY = YES_AGGRESSIVE;
				CLANG_WARN_UNREACHABLE_CODE = YES;
				CLANG_WARN__DUPLICATE_METHOD_MATCH = YES;
				COPY_PHASE_STRIP = NO;
				DEBUG_INFORMATION_FORMAT = "dwarf-with-dsym";
				ENABLE_NS_ASSERTIONS = NO;
				ENABLE_STRICT_OBJC_MSGSEND = YES;
				GCC_C_LANGUAGE_STANDARD = gnu11;
				GCC_NO_COMMON_BLOCKS = YES;
				GCC_WARN_64_TO_32_BIT_CONVERSION = YES;
				GCC_WARN_ABOUT_RETURN_TYPE = YES_ERROR;
				GCC_WARN_UNDECLARED_SELECTOR = YES;
				GCC_WARN_UNINITIALIZED_AUTOS = YES_AGGRESSIVE;
				GCC_WARN_UNUSED_FUNCTION = YES;
				GCC_WARN_UNUSED_VARIABLE = YES;
				IPHONEOS_DEPLOYMENT_TARGET = 14.0;
				MTL_ENABLE_DEBUG_INFO = NO;
				MTL_FAST_MATH = YES;
				SDKROOT = iphoneos;
				SWIFT_COMPILATION_MODE = wholemodule;
				SWIFT_OPTIMIZATION_LEVEL = "-O";
				VALIDATE_PRODUCT = YES;
			};
			name = Release;
		};
		BD0F498B254127EE00986ED6 /* Debug */ = {
			isa = XCBuildConfiguration;
			baseConfigurationReference = 279C6E68783DD7A814C1B143 /* Pods-Parstagram.debug.xcconfig */;
			buildSettings = {
				ASSETCATALOG_COMPILER_APPICON_NAME = AppIcon;
				ASSETCATALOG_COMPILER_GLOBAL_ACCENT_COLOR_NAME = AccentColor;
				CODE_SIGN_ENTITLEMENTS = Parstagram/Parstagram.entitlements;
				CODE_SIGN_IDENTITY = "Apple Development";
				CODE_SIGN_STYLE = Automatic;
				DEVELOPMENT_TEAM = CTB3YD3338;
				INFOPLIST_FILE = Parstagram/Info.plist;
				LD_RUNPATH_SEARCH_PATHS = (
					"$(inherited)",
					"@executable_path/Frameworks",
				);
				PRODUCT_BUNDLE_IDENTIFIER = Codepath.Parstagram;
				PRODUCT_NAME = "$(TARGET_NAME)";
				PROVISIONING_PROFILE_SPECIFIER = "";
				SWIFT_VERSION = 5.0;
				TARGETED_DEVICE_FAMILY = "1,2";
			};
			name = Debug;
		};
		BD0F498C254127EE00986ED6 /* Release */ = {
			isa = XCBuildConfiguration;
			baseConfigurationReference = B8FFD5C91572C01E961566AC /* Pods-Parstagram.release.xcconfig */;
			buildSettings = {
				ASSETCATALOG_COMPILER_APPICON_NAME = AppIcon;
				ASSETCATALOG_COMPILER_GLOBAL_ACCENT_COLOR_NAME = AccentColor;
				CODE_SIGN_ENTITLEMENTS = Parstagram/Parstagram.entitlements;
				CODE_SIGN_IDENTITY = "Apple Development";
				CODE_SIGN_STYLE = Automatic;
				DEVELOPMENT_TEAM = CTB3YD3338;
				INFOPLIST_FILE = Parstagram/Info.plist;
				LD_RUNPATH_SEARCH_PATHS = (
					"$(inherited)",
					"@executable_path/Frameworks",
				);
				PRODUCT_BUNDLE_IDENTIFIER = Codepath.Parstagram;
				PRODUCT_NAME = "$(TARGET_NAME)";
				PROVISIONING_PROFILE_SPECIFIER = "";
				SWIFT_VERSION = 5.0;
				TARGETED_DEVICE_FAMILY = "1,2";
			};
			name = Release;
		};
		BD0F498E254127EE00986ED6 /* Debug */ = {
			isa = XCBuildConfiguration;
			baseConfigurationReference = E99030CFBD15ABF665BC43FF /* Pods-ParstagramTests.debug.xcconfig */;
			buildSettings = {
				ALWAYS_EMBED_SWIFT_STANDARD_LIBRARIES = YES;
				BUNDLE_LOADER = "$(TEST_HOST)";
				CODE_SIGN_STYLE = Automatic;
				INFOPLIST_FILE = ParstagramTests/Info.plist;
				IPHONEOS_DEPLOYMENT_TARGET = 14.0;
				LD_RUNPATH_SEARCH_PATHS = (
					"$(inherited)",
					"@executable_path/Frameworks",
					"@loader_path/Frameworks",
				);
				PRODUCT_BUNDLE_IDENTIFIER = Codepath.ParstagramTests;
				PRODUCT_NAME = "$(TARGET_NAME)";
				SWIFT_VERSION = 5.0;
				TARGETED_DEVICE_FAMILY = "1,2";
				TEST_HOST = "$(BUILT_PRODUCTS_DIR)/Parstagram.app/Parstagram";
			};
			name = Debug;
		};
		BD0F498F254127EE00986ED6 /* Release */ = {
			isa = XCBuildConfiguration;
			baseConfigurationReference = 9DAAD9C407568561FD4EF76C /* Pods-ParstagramTests.release.xcconfig */;
			buildSettings = {
				ALWAYS_EMBED_SWIFT_STANDARD_LIBRARIES = YES;
				BUNDLE_LOADER = "$(TEST_HOST)";
				CODE_SIGN_STYLE = Automatic;
				INFOPLIST_FILE = ParstagramTests/Info.plist;
				IPHONEOS_DEPLOYMENT_TARGET = 14.0;
				LD_RUNPATH_SEARCH_PATHS = (
					"$(inherited)",
					"@executable_path/Frameworks",
					"@loader_path/Frameworks",
				);
				PRODUCT_BUNDLE_IDENTIFIER = Codepath.ParstagramTests;
				PRODUCT_NAME = "$(TARGET_NAME)";
				SWIFT_VERSION = 5.0;
				TARGETED_DEVICE_FAMILY = "1,2";
				TEST_HOST = "$(BUILT_PRODUCTS_DIR)/Parstagram.app/Parstagram";
			};
			name = Release;
		};
		BD0F4991254127EE00986ED6 /* Debug */ = {
			isa = XCBuildConfiguration;
			baseConfigurationReference = A07548C8C64910E773CC856F /* Pods-Parstagram-ParstagramUITests.debug.xcconfig */;
			buildSettings = {
				ALWAYS_EMBED_SWIFT_STANDARD_LIBRARIES = YES;
				CODE_SIGN_STYLE = Automatic;
				INFOPLIST_FILE = ParstagramUITests/Info.plist;
				LD_RUNPATH_SEARCH_PATHS = (
					"$(inherited)",
					"@executable_path/Frameworks",
					"@loader_path/Frameworks",
				);
				PRODUCT_BUNDLE_IDENTIFIER = Codepath.ParstagramUITests;
				PRODUCT_NAME = "$(TARGET_NAME)";
				SWIFT_VERSION = 5.0;
				TARGETED_DEVICE_FAMILY = "1,2";
				TEST_TARGET_NAME = Parstagram;
			};
			name = Debug;
		};
		BD0F4992254127EE00986ED6 /* Release */ = {
			isa = XCBuildConfiguration;
			baseConfigurationReference = 703D019C2D0EE37943985E67 /* Pods-Parstagram-ParstagramUITests.release.xcconfig */;
			buildSettings = {
				ALWAYS_EMBED_SWIFT_STANDARD_LIBRARIES = YES;
				CODE_SIGN_STYLE = Automatic;
				INFOPLIST_FILE = ParstagramUITests/Info.plist;
				LD_RUNPATH_SEARCH_PATHS = (
					"$(inherited)",
					"@executable_path/Frameworks",
					"@loader_path/Frameworks",
				);
				PRODUCT_BUNDLE_IDENTIFIER = Codepath.ParstagramUITests;
				PRODUCT_NAME = "$(TARGET_NAME)";
				SWIFT_VERSION = 5.0;
				TARGETED_DEVICE_FAMILY = "1,2";
				TEST_TARGET_NAME = Parstagram;
			};
			name = Release;
		};
/* End XCBuildConfiguration section */

/* Begin XCConfigurationList section */
		BD0F495B254127EC00986ED6 /* Build configuration list for PBXProject "Parstagram" */ = {
			isa = XCConfigurationList;
			buildConfigurations = (
				BD0F4988254127EE00986ED6 /* Debug */,
				BD0F4989254127EE00986ED6 /* Release */,
			);
			defaultConfigurationIsVisible = 0;
			defaultConfigurationName = Release;
		};
		BD0F498A254127EE00986ED6 /* Build configuration list for PBXNativeTarget "Parstagram" */ = {
			isa = XCConfigurationList;
			buildConfigurations = (
				BD0F498B254127EE00986ED6 /* Debug */,
				BD0F498C254127EE00986ED6 /* Release */,
			);
			defaultConfigurationIsVisible = 0;
			defaultConfigurationName = Release;
		};
		BD0F498D254127EE00986ED6 /* Build configuration list for PBXNativeTarget "ParstagramTests" */ = {
			isa = XCConfigurationList;
			buildConfigurations = (
				BD0F498E254127EE00986ED6 /* Debug */,
				BD0F498F254127EE00986ED6 /* Release */,
			);
			defaultConfigurationIsVisible = 0;
			defaultConfigurationName = Release;
		};
		BD0F4990254127EE00986ED6 /* Build configuration list for PBXNativeTarget "ParstagramUITests" */ = {
			isa = XCConfigurationList;
			buildConfigurations = (
				BD0F4991254127EE00986ED6 /* Debug */,
				BD0F4992254127EE00986ED6 /* Release */,
			);
			defaultConfigurationIsVisible = 0;
			defaultConfigurationName = Release;
		};
/* End XCConfigurationList section */
	};
	rootObject = BD0F4958254127EC00986ED6 /* Project object */;
}
